
Microsoft Visual Studio Solution File, Format Version 12.00
# Visual Studio Version 17
VisualStudioVersion = 17.14.36908.2 d17.14
MinimumVisualStudioVersion = 10.0.40219.1
Project("{FAE04EC0-301F-11D3-BF4B-00C04F79EFBC}") = "lab10", "lab10\lab10.csproj", "{D0E26110-4899-4D90-ABC3-7E5DD15209D6}"
EndProject
Global
	GlobalSection(SolutionConfigurationPlatforms) = preSolution
		Debug|Any CPU = Debug|Any CPU
		Release|Any CPU = Release|Any CPU
	EndGlobalSection
	GlobalSection(ProjectConfigurationPlatforms) = postSolution
		{D0E26110-4899-4D90-ABC3-7E5DD15209D6}.Debug|Any CPU.ActiveCfg = Debug|Any CPU
		{D0E26110-4899-4D90-ABC3-7E5DD15209D6}.Debug|Any CPU.Build.0 = Debug|Any CPU
		{D0E26110-4899-4D90-ABC3-7E5DD15209D6}.Release|Any CPU.ActiveCfg = Release|Any CPU
		{D0E26110-4899-4D90-ABC3-7E5DD15209D6}.Release|Any CPU.Build.0 = Release|Any CPU
	EndGlobalSection
	GlobalSection(SolutionProperties) = preSolution
		HideSolutionNode = FALSE
	EndGlobalSection
	GlobalSection(ExtensibilityGlobals) = postSolution
		SolutionGuid = {C64FBB41-A896-4C8E-98FD-22704F855F31}
	EndGlobalSection
EndGlobal
